
Microsoft Visual Studio Solution File, Format Version 12.00
# Visual Studio Version 17
VisualStudioVersion = 17.9.34723.18
MinimumVisualStudioVersion = 10.0.40219.1
Project("{FAE04EC0-301F-11D3-BF4B-00C04F79EFBC}") = "GlobalWebAssemblyWithIdentity", "GlobalWebAssemblyWithIdentity\GlobalWebAssemblyWithIdentity.csproj", "{9C168C4C-5D2B-4A05-88D5-1D35EEEB68F7}"
EndProject
Project("{FAE04EC0-301F-11D3-BF4B-00C04F79EFBC}") = "GlobalWebAssemblyWithIdentity.Client", "GlobalWebAssemblyWithIdentity.Client\GlobalWebAssemblyWithIdentity.Client.csproj", "{EC6D3140-0288-4FB2-88B0-28CC38E8E352}"
EndProject
Global
	GlobalSection(SolutionConfigurationPlatforms) = preSolution
		Debug|Any CPU = Debug|Any CPU
		Release|Any CPU = Release|Any CPU
	EndGlobalSection
	GlobalSection(ProjectConfigurationPlatforms) = postSolution
		{9C168C4C-5D2B-4A05-88D5-1D35EEEB68F7}.Debug|Any CPU.ActiveCfg = Debug|Any CPU
		{9C168C4C-5D2B-4A05-88D5-1D35EEEB68F7}.Debug|Any CPU.Build.0 = Debug|Any CPU
		{9C168C4C-5D2B-4A05-88D5-1D35EEEB68F7}.Release|Any CPU.ActiveCfg = Release|Any CPU
		{9C168C4C-5D2B-4A05-88D5-1D35EEEB68F7}.Release|Any CPU.Build.0 = Release|Any CPU
		{EC6D3140-0288-4FB2-88B0-28CC38E8E352}.Debug|Any CPU.ActiveCfg = Debug|Any CPU
		{EC6D3140-0288-4FB2-88B0-28CC38E8E352}.Debug|Any CPU.Build.0 = Debug|Any CPU
		{EC6D3140-0288-4FB2-88B0-28CC38E8E352}.Release|Any CPU.ActiveCfg = Release|Any CPU
		{EC6D3140-0288-4FB2-88B0-28CC38E8E352}.Release|Any CPU.Build.0 = Release|Any CPU
	EndGlobalSection
	GlobalSection(SolutionProperties) = preSolution
		HideSolutionNode = FALSE
	EndGlobalSection
	GlobalSection(ExtensibilityGlobals) = postSolution
		SolutionGuid = {42A43236-23F5-43C6-A93F-7E61D2AF9EF4}
	EndGlobalSection
EndGlobal
